
Microsoft Visual Studio Solution File, Format Version 12.00
# Visual Studio Version 17
VisualStudioVersion = 17.13.35931.197
MinimumVisualStudioVersion = 10.0.40219.1
Project("{8BC9CEB8-8B4A-11D0-8D11-00A0C91BC942}") = "Program", "Program\Program.vcxproj", "{0DC72FEB-30A1-45E3-AD71-576DF65703A6}"
EndProject
Project("{8BC9CEB8-8B4A-11D0-8D11-00A0C91BC942}") = "Class1th (Asymptotic Notation)", "Class1th (Asymptotic Notation)\Class1th (Asymptotic Notation).vcxproj", "{E5AAC44A-F7F3-4761-B522-8C63CC0F2E2C}"
EndProject
Project("{8BC9CEB8-8B4A-11D0-8D11-00A0C91BC942}") = "Class2th (Brute Force)", "Class2th (Brute Force)\Class2th (Brute Force).vcxproj", "{0735FAF9-2817-4265-B05B-81F0D4DE53ED}"
EndProject
Project("{8BC9CEB8-8B4A-11D0-8D11-00A0C91BC942}") = "Class3th (Bubble Sort)", "Class3th (Bubble Sort)\Class3th (Bubble Sort).vcxproj", "{BBD0F859-599C-4442-9BB0-8469ACD48029}"
EndProject
Project("{8BC9CEB8-8B4A-11D0-8D11-00A0C91BC942}") = "Class4th (Select Sort)", "Class4th (Select Sort)\Class4th (Select Sort).vcxproj", "{B0CC362F-4EF8-4E1D-9EF7-131211C0EFE2}"
EndProject
Project("{8BC9CEB8-8B4A-11D0-8D11-00A0C91BC942}") = "Class5th (Insert Sort)", "Class5th (Insert Sort)\Class5th (Insert Sort).vcxproj", "{D28D3883-A23C-44D6-B656-25E1438E0960}"
EndProject
Project("{8BC9CEB8-8B4A-11D0-8D11-00A0C91BC942}") = "Class6th (Euclidean)", "Class6th (Euclidean)\Class6th (Euclidean).vcxproj", "{1DE758D2-A378-4544-A140-16E7C4A9D5E9}"
EndProject
Project("{8BC9CEB8-8B4A-11D0-8D11-00A0C91BC942}") = "Class7th (Sieve of Eratosthenes)", "Class7th (Sieve of Eratosthenes)\Class7th (Sieve of Eratosthenes).vcxproj", "{07C3BE78-889C-421A-8D9F-C2FAAC1AFC9A}"
EndProject
Project("{8BC9CEB8-8B4A-11D0-8D11-00A0C91BC942}") = "Class8th (Count Sort)", "Class8th (Count Sort)\Class8th (Count Sort).vcxproj", "{D0116A12-D63A-42FF-9CE9-881C4F209C06}"
EndProject
Project("{8BC9CEB8-8B4A-11D0-8D11-00A0C91BC942}") = "Class9th (Divide and Conquer)", "Class9th (Divide and Conquer)\Class9th (Divide and Conquer).vcxproj", "{102C35D0-2043-4534-A058-6791AC7EB193}"
EndProject
Project("{8BC9CEB8-8B4A-11D0-8D11-00A0C91BC942}") = "Class10th (Binary Search)", "Class10th (Binary Search)\Class10th (Binary Search).vcxproj", "{BA8990FE-2224-48FC-B0E9-FD1B8F6E6BA8}"
EndProject
Project("{8BC9CEB8-8B4A-11D0-8D11-00A0C91BC942}") = "Class11th (Quick Sort)", "Class11th (Quick Sort)\Class11th (Quick Sort).vcxproj", "{5DBEE21E-2FBC-4DE4-9E2B-4F07702EA93E}"
EndProject
Project("{8BC9CEB8-8B4A-11D0-8D11-00A0C91BC942}") = "Class12th (Merge Sort)", "Class12th (Merge Sort)\Class12th (Merge Sort).vcxproj", "{BFCA5AC4-6E9A-439C-97E4-2A9E518BBCA0}"
EndProject
Project("{8BC9CEB8-8B4A-11D0-8D11-00A0C91BC942}") = "Class13th (Dynamic Programming)", "Class13th (Dynamic Programming)\Class13th (Dynamic Programming).vcxproj", "{B80D5D4B-C199-4386-9E84-0F9B5E2F09FC}"
EndProject
Project("{8BC9CEB8-8B4A-11D0-8D11-00A0C91BC942}") = "Class14th (Greedy)", "Class14th (Greedy)\Class14th (Greedy).vcxproj", "{9B85DFF2-6C36-4EA4-B55A-7FC525D4A868}"
EndProject
Project("{8BC9CEB8-8B4A-11D0-8D11-00A0C91BC942}") = "Class15th (Depth First Search)", "Class15th (Depth First Search)\Class15th (Depth First Search).vcxproj", "{98969A3E-A8A7-4722-BE96-3A4D52E16B9D}"
EndProject
Project("{8BC9CEB8-8B4A-11D0-8D11-00A0C91BC942}") = "Class16th (Breadth First Search)", "Class16th (Breadth First Search)\Class16th (Breadth First Search).vcxproj", "{58ABA76D-22E7-474C-AEBF-1E471837F81A}"
EndProject
Project("{8BC9CEB8-8B4A-11D0-8D11-00A0C91BC942}") = "Class17th (Topology Sort)", "Class17th (Topology Sort)\Class17th (Topology Sort).vcxproj", "{61B86121-8232-4FA9-BB46-0E9CA467E3A1}"
EndProject
Global
	GlobalSection(SolutionConfigurationPlatforms) = preSolution
		Debug|x64 = Debug|x64
		Debug|x86 = Debug|x86
		Release|x64 = Release|x64
		Release|x86 = Release|x86
	EndGlobalSection
	GlobalSection(ProjectConfigurationPlatforms) = postSolution
		{0DC72FEB-30A1-45E3-AD71-576DF65703A6}.Debug|x64.ActiveCfg = Debug|x64
		{0DC72FEB-30A1-45E3-AD71-576DF65703A6}.Debug|x64.Build.0 = Debug|x64
		{0DC72FEB-30A1-45E3-AD71-576DF65703A6}.Debug|x86.ActiveCfg = Debug|Win32
		{0DC72FEB-30A1-45E3-AD71-576DF65703A6}.Debug|x86.Build.0 = Debug|Win32
		{0DC72FEB-30A1-45E3-AD71-576DF65703A6}.Release|x64.ActiveCfg = Release|x64
		{0DC72FEB-30A1-45E3-AD71-576DF65703A6}.Release|x64.Build.0 = Release|x64
		{0DC72FEB-30A1-45E3-AD71-576DF65703A6}.Release|x86.ActiveCfg = Release|Win32
		{0DC72FEB-30A1-45E3-AD71-576DF65703A6}.Release|x86.Build.0 = Release|Win32
		{E5AAC44A-F7F3-4761-B522-8C63CC0F2E2C}.Debug|x64.ActiveCfg = Debug|x64
		{E5AAC44A-F7F3-4761-B522-8C63CC0F2E2C}.Debug|x64.Build.0 = Debug|x64
		{E5AAC44A-F7F3-4761-B522-8C63CC0F2E2C}.Debug|x86.ActiveCfg = Debug|Win32
		{E5AAC44A-F7F3-4761-B522-8C63CC0F2E2C}.Debug|x86.Build.0 = Debug|Win32
		{E5AAC44A-F7F3-4761-B522-8C63CC0F2E2C}.Release|x64.ActiveCfg = Release|x64
		{E5AAC44A-F7F3-4761-B522-8C63CC0F2E2C}.Release|x64.Build.0 = Release|x64
		{E5AAC44A-F7F3-4761-B522-8C63CC0F2E2C}.Release|x86.ActiveCfg = Release|Win32
		{E5AAC44A-F7F3-4761-B522-8C63CC0F2E2C}.Release|x86.Build.0 = Release|Win32
		{0735FAF9-2817-4265-B05B-81F0D4DE53ED}.Debug|x64.ActiveCfg = Debug|x64
		{0735FAF9-2817-4265-B05B-81F0D4DE53ED}.Debug|x64.Build.0 = Debug|x64
		{0735FAF9-2817-4265-B05B-81F0D4DE53ED}.Debug|x86.ActiveCfg = Debug|Win32
		{0735FAF9-2817-4265-B05B-81F0D4DE53ED}.Debug|x86.Build.0 = Debug|Win32
		{0735FAF9-2817-4265-B05B-81F0D4DE53ED}.Release|x64.ActiveCfg = Release|x64
		{0735FAF9-2817-4265-B05B-81F0D4DE53ED}.Release|x64.Build.0 = Release|x64
		{0735FAF9-2817-4265-B05B-81F0D4DE53ED}.Release|x86.ActiveCfg = Release|Win32
		{0735FAF9-2817-4265-B05B-81F0D4DE53ED}.Release|x86.Build.0 = Release|Win32
		{BBD0F859-599C-4442-9BB0-8469ACD48029}.Debug|x64.ActiveCfg = Debug|x64
		{BBD0F859-599C-4442-9BB0-8469ACD48029}.Debug|x64.Build.0 = Debug|x64
		{BBD0F859-599C-4442-9BB0-8469ACD48029}.Debug|x86.ActiveCfg = Debug|Win32
		{BBD0F859-599C-4442-9BB0-8469ACD48029}.Debug|x86.Build.0 = Debug|Win32
		{BBD0F859-599C-4442-9BB0-8469ACD48029}.Release|x64.ActiveCfg = Release|x64
		{BBD0F859-599C-4442-9BB0-8469ACD48029}.Release|x64.Build.0 = Release|x64
		{BBD0F859-599C-4442-9BB0-8469ACD48029}.Release|x86.ActiveCfg = Release|Win32
		{BBD0F859-599C-4442-9BB0-8469ACD48029}.Release|x86.Build.0 = Release|Win32
		{B0CC362F-4EF8-4E1D-9EF7-131211C0EFE2}.Debug|x64.ActiveCfg = Debug|x64
		{B0CC362F-4EF8-4E1D-9EF7-131211C0EFE2}.Debug|x64.Build.0 = Debug|x64
		{B0CC362F-4EF8-4E1D-9EF7-131211C0EFE2}.Debug|x86.ActiveCfg = Debug|Win32
		{B0CC362F-4EF8-4E1D-9EF7-131211C0EFE2}.Debug|x86.Build.0 = Debug|Win32
		{B0CC362F-4EF8-4E1D-9EF7-131211C0EFE2}.Release|x64.ActiveCfg = Release|x64
		{B0CC362F-4EF8-4E1D-9EF7-131211C0EFE2}.Release|x64.Build.0 = Release|x64
		{B0CC362F-4EF8-4E1D-9EF7-131211C0EFE2}.Release|x86.ActiveCfg = Release|Win32
		{B0CC362F-4EF8-4E1D-9EF7-131211C0EFE2}.Release|x86.Build.0 = Release|Win32
		{D28D3883-A23C-44D6-B656-25E1438E0960}.Debug|x64.ActiveCfg = Debug|x64
		{D28D3883-A23C-44D6-B656-25E1438E0960}.Debug|x64.Build.0 = Debug|x64
		{D28D3883-A23C-44D6-B656-25E1438E0960}.Debug|x86.ActiveCfg = Debug|Win32
		{D28D3883-A23C-44D6-B656-25E1438E0960}.Debug|x86.Build.0 = Debug|Win32
		{D28D3883-A23C-44D6-B656-25E1438E0960}.Release|x64.ActiveCfg = Release|x64
		{D28D3883-A23C-44D6-B656-25E1438E0960}.Release|x64.Build.0 = Release|x64
		{D28D3883-A23C-44D6-B656-25E1438E0960}.Release|x86.ActiveCfg = Release|Win32
		{D28D3883-A23C-44D6-B656-25E1438E0960}.Release|x86.Build.0 = Release|Win32
		{1DE758D2-A378-4544-A140-16E7C4A9D5E9}.Debug|x64.ActiveCfg = Debug|x64
		{1DE758D2-A378-4544-A140-16E7C4A9D5E9}.Debug|x64.Build.0 = Debug|x64
		{1DE758D2-A378-4544-A140-16E7C4A9D5E9}.Debug|x86.ActiveCfg = Debug|Win32
		{1DE758D2-A378-4544-A140-16E7C4A9D5E9}.Debug|x86.Build.0 = Debug|Win32
		{1DE758D2-A378-4544-A140-16E7C4A9D5E9}.Release|x64.ActiveCfg = Release|x64
		{1DE758D2-A378-4544-A140-16E7C4A9D5E9}.Release|x64.Build.0 = Release|x64
		{1DE758D2-A378-4544-A140-16E7C4A9D5E9}.Release|x86.ActiveCfg = Release|Win32
		{1DE758D2-A378-4544-A140-16E7C4A9D5E9}.Release|x86.Build.0 = Release|Win32
		{07C3BE78-889C-421A-8D9F-C2FAAC1AFC9A}.Debug|x64.ActiveCfg = Debug|x64
		{07C3BE78-889C-421A-8D9F-C2FAAC1AFC9A}.Debug|x64.Build.0 = Debug|x64
		{07C3BE78-889C-421A-8D9F-C2FAAC1AFC9A}.Debug|x86.ActiveCfg = Debug|Win32
		{07C3BE78-889C-421A-8D9F-C2FAAC1AFC9A}.Debug|x86.Build.0 = Debug|Win32
		{07C3BE78-889C-421A-8D9F-C2FAAC1AFC9A}.Release|x64.ActiveCfg = Release|x64
		{07C3BE78-889C-421A-8D9F-C2FAAC1AFC9A}.Release|x64.Build.0 = Release|x64
		{07C3BE78-889C-421A-8D9F-C2FAAC1AFC9A}.Release|x86.ActiveCfg = Release|Win32
		{07C3BE78-889C-421A-8D9F-C2FAAC1AFC9A}.Release|x86.Build.0 = Release|Win32
		{D0116A12-D63A-42FF-9CE9-881C4F209C06}.Debug|x64.ActiveCfg = Debug|x64
		{D0116A12-D63A-42FF-9CE9-881C4F209C06}.Debug|x64.Build.0 = Debug|x64
		{D0116A12-D63A-42FF-9CE9-881C4F209C06}.Debug|x86.ActiveCfg = Debug|Win32
		{D0116A12-D63A-42FF-9CE9-881C4F209C06}.Debug|x86.Build.0 = Debug|Win32
		{D0116A12-D63A-42FF-9CE9-881C4F209C06}.Release|x64.ActiveCfg = Release|x64
		{D0116A12-D63A-42FF-9CE9-881C4F209C06}.Release|x64.Build.0 = Release|x64
		{D0116A12-D63A-42FF-9CE9-881C4F209C06}.Release|x86.ActiveCfg = Release|Win32
		{D0116A12-D63A-42FF-9CE9-881C4F209C06}.Release|x86.Build.0 = Release|Win32
		{102C35D0-2043-4534-A058-6791AC7EB193}.Debug|x64.ActiveCfg = Debug|x64
		{102C35D0-2043-4534-A058-6791AC7EB193}.Debug|x64.Build.0 = Debug|x64
		{102C35D0-2043-4534-A058-6791AC7EB193}.Debug|x86.ActiveCfg = Debug|Win32
		{102C35D0-2043-4534-A058-6791AC7EB193}.Debug|x86.Build.0 = Debug|Win32
		{102C35D0-2043-4534-A058-6791AC7EB193}.Release|x64.ActiveCfg = Release|x64
		{102C35D0-2043-4534-A058-6791AC7EB193}.Release|x64.Build.0 = Release|x64
		{102C35D0-2043-4534-A058-6791AC7EB193}.Release|x86.ActiveCfg = Release|Win32
		{102C35D0-2043-4534-A058-6791AC7EB193}.Release|x86.Build.0 = Release|Win32
		{BA8990FE-2224-48FC-B0E9-FD1B8F6E6BA8}.Debug|x64.ActiveCfg = Debug|x64
		{BA8990FE-2224-48FC-B0E9-FD1B8F6E6BA8}.Debug|x64.Build.0 = Debug|x64
		{BA8990FE-2224-48FC-B0E9-FD1B8F6E6BA8}.Debug|x86.ActiveCfg = Debug|Win32
		{BA8990FE-2224-48FC-B0E9-FD1B8F6E6BA8}.Debug|x86.Build.0 = Debug|Win32
		{BA8990FE-2224-48FC-B0E9-FD1B8F6E6BA8}.Release|x64.ActiveCfg = Release|x64
		{BA8990FE-2224-48FC-B0E9-FD1B8F6E6BA8}.Release|x64.Build.0 = Release|x64
		{BA8990FE-2224-48FC-B0E9-FD1B8F6E6BA8}.Release|x86.ActiveCfg = Release|Win32
		{BA8990FE-2224-48FC-B0E9-FD1B8F6E6BA8}.Release|x86.Build.0 = Release|Win32
		{5DBEE21E-2FBC-4DE4-9E2B-4F07702EA93E}.Debug|x64.ActiveCfg = Debug|x64
		{5DBEE21E-2FBC-4DE4-9E2B-4F07702EA93E}.Debug|x64.Build.0 = Debug|x64
		{5DBEE21E-2FBC-4DE4-9E2B-4F07702EA93E}.Debug|x86.ActiveCfg = Debug|Win32
		{5DBEE21E-2FBC-4DE4-9E2B-4F07702EA93E}.Debug|x86.Build.0 = Debug|Win32
		{5DBEE21E-2FBC-4DE4-9E2B-4F07702EA93E}.Release|x64.ActiveCfg = Release|x64
		{5DBEE21E-2FBC-4DE4-9E2B-4F07702EA93E}.Release|x64.Build.0 = Release|x64
		{5DBEE21E-2FBC-4DE4-9E2B-4F07702EA93E}.Release|x86.ActiveCfg = Release|Win32
		{5DBEE21E-2FBC-4DE4-9E2B-4F07702EA93E}.Release|x86.Build.0 = Release|Win32
		{BFCA5AC4-6E9A-439C-97E4-2A9E518BBCA0}.Debug|x64.ActiveCfg = Debug|x64
		{BFCA5AC4-6E9A-439C-97E4-2A9E518BBCA0}.Debug|x64.Build.0 = Debug|x64
		{BFCA5AC4-6E9A-439C-97E4-2A9E518BBCA0}.Debug|x86.ActiveCfg = Debug|Win32
		{BFCA5AC4-6E9A-439C-97E4-2A9E518BBCA0}.Debug|x86.Build.0 = Debug|Win32
		{BFCA5AC4-6E9A-439C-97E4-2A9E518BBCA0}.Release|x64.ActiveCfg = Release|x64
		{BFCA5AC4-6E9A-439C-97E4-2A9E518BBCA0}.Release|x64.Build.0 = Release|x64
		{BFCA5AC4-6E9A-439C-97E4-2A9E518BBCA0}.Release|x86.ActiveCfg = Release|Win32
		{BFCA5AC4-6E9A-439C-97E4-2A9E518BBCA0}.Release|x86.Build.0 = Release|Win32
		{B80D5D4B-C199-4386-9E84-0F9B5E2F09FC}.Debug|x64.ActiveCfg = Debug|x64
		{B80D5D4B-C199-4386-9E84-0F9B5E2F09FC}.Debug|x64.Build.0 = Debug|x64
		{B80D5D4B-C199-4386-9E84-0F9B5E2F09FC}.Debug|x86.ActiveCfg = Debug|Win32
		{B80D5D4B-C199-4386-9E84-0F9B5E2F09FC}.Debug|x86.Build.0 = Debug|Win32
		{B80D5D4B-C199-4386-9E84-0F9B5E2F09FC}.Release|x64.ActiveCfg = Release|x64
		{B80D5D4B-C199-4386-9E84-0F9B5E2F09FC}.Release|x64.Build.0 = Release|x64
		{B80D5D4B-C199-4386-9E84-0F9B5E2F09FC}.Release|x86.ActiveCfg = Release|Win32
		{B80D5D4B-C199-4386-9E84-0F9B5E2F09FC}.Release|x86.Build.0 = Release|Win32
		{9B85DFF2-6C36-4EA4-B55A-7FC525D4A868}.Debug|x64.ActiveCfg = Debug|x64
		{9B85DFF2-6C36-4EA4-B55A-7FC525D4A868}.Debug|x64.Build.0 = Debug|x64
		{9B85DFF2-6C36-4EA4-B55A-7FC525D4A868}.Debug|x86.ActiveCfg = Debug|Win32
		{9B85DFF2-6C36-4EA4-B55A-7FC525D4A868}.Debug|x86.Build.0 = Debug|Win32
		{9B85DFF2-6C36-4EA4-B55A-7FC525D4A868}.Release|x64.ActiveCfg = Release|x64
		{9B85DFF2-6C36-4EA4-B55A-7FC525D4A868}.Release|x64.Build.0 = Release|x64
		{9B85DFF2-6C36-4EA4-B55A-7FC525D4A868}.Release|x86.ActiveCfg = Release|Win32
		{9B85DFF2-6C36-4EA4-B55A-7FC525D4A868}.Release|x86.Build.0 = Release|Win32
		{98969A3E-A8A7-4722-BE96-3A4D52E16B9D}.Debug|x64.ActiveCfg = Debug|x64
		{98969A3E-A8A7-4722-BE96-3A4D52E16B9D}.Debug|x64.Build.0 = Debug|x64
		{98969A3E-A8A7-4722-BE96-3A4D52E16B9D}.Debug|x86.ActiveCfg = Debug|Win32
		{98969A3E-A8A7-4722-BE96-3A4D52E16B9D}.Debug|x86.Build.0 = Debug|Win32
		{98969A3E-A8A7-4722-BE96-3A4D52E16B9D}.Release|x64.ActiveCfg = Release|x64
		{98969A3E-A8A7-4722-BE96-3A4D52E16B9D}.Release|x64.Build.0 = Release|x64
		{98969A3E-A8A7-4722-BE96-3A4D52E16B9D}.Release|x86.ActiveCfg = Release|Win32
		{98969A3E-A8A7-4722-BE96-3A4D52E16B9D}.Release|x86.Build.0 = Release|Win32
		{58ABA76D-22E7-474C-AEBF-1E471837F81A}.Debug|x64.ActiveCfg = Debug|x64
		{58ABA76D-22E7-474C-AEBF-1E471837F81A}.Debug|x64.Build.0 = Debug|x64
		{58ABA76D-22E7-474C-AEBF-1E471837F81A}.Debug|x86.ActiveCfg = Debug|Win32
		{58ABA76D-22E7-474C-AEBF-1E471837F81A}.Debug|x86.Build.0 = Debug|Win32
		{58ABA76D-22E7-474C-AEBF-1E471837F81A}.Release|x64.ActiveCfg = Release|x64
		{58ABA76D-22E7-474C-AEBF-1E471837F81A}.Release|x64.Build.0 = Release|x64
		{58ABA76D-22E7-474C-AEBF-1E471837F81A}.Release|x86.ActiveCfg = Release|Win32
		{58ABA76D-22E7-474C-AEBF-1E471837F81A}.Release|x86.Build.0 = Release|Win32
		{61B86121-8232-4FA9-BB46-0E9CA467E3A1}.Debug|x64.ActiveCfg = Debug|x64
		{61B86121-8232-4FA9-BB46-0E9CA467E3A1}.Debug|x64.Build.0 = Debug|x64
		{61B86121-8232-4FA9-BB46-0E9CA467E3A1}.Debug|x86.ActiveCfg = Debug|Win32
		{61B86121-8232-4FA9-BB46-0E9CA467E3A1}.Debug|x86.Build.0 = Debug|Win32
		{61B86121-8232-4FA9-BB46-0E9CA467E3A1}.Release|x64.ActiveCfg = Release|x64
		{61B86121-8232-4FA9-BB46-0E9CA467E3A1}.Release|x64.Build.0 = Release|x64
		{61B86121-8232-4FA9-BB46-0E9CA467E3A1}.Release|x86.ActiveCfg = Release|Win32
		{61B86121-8232-4FA9-BB46-0E9CA467E3A1}.Release|x86.Build.0 = Release|Win32
	EndGlobalSection
	GlobalSection(SolutionProperties) = preSolution
		HideSolutionNode = FALSE
	EndGlobalSection
	GlobalSection(ExtensibilityGlobals) = postSolution
		SolutionGuid = {5EA3BC82-649E-440E-B528-9CE74EFC0913}
	EndGlobalSection
EndGlobal
